
Microsoft Visual Studio Solution File, Format Version 12.00
# Visual Studio Version 16
VisualStudioVersion = 16.6.30114.105
MinimumVisualStudioVersion = 10.0.40219.1
Project("{FAE04EC0-301F-11D3-BF4B-00C04F79EFBC}") = "gameoflife", "gameoflife\gameoflife.csproj", "{D18AC8F3-01F6-4160-A60B-2830BC4FFD7D}"
EndProject
Project("{FAE04EC0-301F-11D3-BF4B-00C04F79EFBC}") = "gameoflife-tests", "gameoflife-tests\gameoflife-tests.csproj", "{C122C852-C232-4672-9420-1960E575CFBF}"
EndProject
Global
	GlobalSection(SolutionConfigurationPlatforms) = preSolution
		Debug|Any CPU = Debug|Any CPU
		Debug|x64 = Debug|x64
		Debug|x86 = Debug|x86
		Release|Any CPU = Release|Any CPU
		Release|x64 = Release|x64
		Release|x86 = Release|x86
	EndGlobalSection
	GlobalSection(SolutionProperties) = preSolution
		HideSolutionNode = FALSE
	EndGlobalSection
	GlobalSection(ProjectConfigurationPlatforms) = postSolution
		{D18AC8F3-01F6-4160-A60B-2830BC4FFD7D}.Debug|Any CPU.ActiveCfg = Debug|Any CPU
		{D18AC8F3-01F6-4160-A60B-2830BC4FFD7D}.Debug|Any CPU.Build.0 = Debug|Any CPU
		{D18AC8F3-01F6-4160-A60B-2830BC4FFD7D}.Debug|x64.ActiveCfg = Debug|Any CPU
		{D18AC8F3-01F6-4160-A60B-2830BC4FFD7D}.Debug|x64.Build.0 = Debug|Any CPU
		{D18AC8F3-01F6-4160-A60B-2830BC4FFD7D}.Debug|x86.ActiveCfg = Debug|Any CPU
		{D18AC8F3-01F6-4160-A60B-2830BC4FFD7D}.Debug|x86.Build.0 = Debug|Any CPU
		{D18AC8F3-01F6-4160-A60B-2830BC4FFD7D}.Release|Any CPU.ActiveCfg = Release|Any CPU
		{D18AC8F3-01F6-4160-A60B-2830BC4FFD7D}.Release|Any CPU.Build.0 = Release|Any CPU
		{D18AC8F3-01F6-4160-A60B-2830BC4FFD7D}.Release|x64.ActiveCfg = Release|Any CPU
		{D18AC8F3-01F6-4160-A60B-2830BC4FFD7D}.Release|x64.Build.0 = Release|Any CPU
		{D18AC8F3-01F6-4160-A60B-2830BC4FFD7D}.Release|x86.ActiveCfg = Release|Any CPU
		{D18AC8F3-01F6-4160-A60B-2830BC4FFD7D}.Release|x86.Build.0 = Release|Any CPU
		{C122C852-C232-4672-9420-1960E575CFBF}.Debug|Any CPU.ActiveCfg = Debug|Any CPU
		{C122C852-C232-4672-9420-1960E575CFBF}.Debug|Any CPU.Build.0 = Debug|Any CPU
		{C122C852-C232-4672-9420-1960E575CFBF}.Debug|x64.ActiveCfg = Debug|Any CPU
		{C122C852-C232-4672-9420-1960E575CFBF}.Debug|x64.Build.0 = Debug|Any CPU
		{C122C852-C232-4672-9420-1960E575CFBF}.Debug|x86.ActiveCfg = Debug|Any CPU
		{C122C852-C232-4672-9420-1960E575CFBF}.Debug|x86.Build.0 = Debug|Any CPU
		{C122C852-C232-4672-9420-1960E575CFBF}.Release|Any CPU.ActiveCfg = Release|Any CPU
		{C122C852-C232-4672-9420-1960E575CFBF}.Release|Any CPU.Build.0 = Release|Any CPU
		{C122C852-C232-4672-9420-1960E575CFBF}.Release|x64.ActiveCfg = Release|Any CPU
		{C122C852-C232-4672-9420-1960E575CFBF}.Release|x64.Build.0 = Release|Any CPU
		{C122C852-C232-4672-9420-1960E575CFBF}.Release|x86.ActiveCfg = Release|Any CPU
		{C122C852-C232-4672-9420-1960E575CFBF}.Release|x86.Build.0 = Release|Any CPU
	EndGlobalSection
EndGlobal
